{
  "version": 4,
  "terraform_version": "1.4.6",
  "serial": 3,
  "lineage": "fee75d7d-39d6-a29b-eaec-7cd4df45ef64",
  "outputs": {},
  "resources": [
    {
      "mode": "managed",
      "type": "google_container_cluster",
      "name": "my-web-cluster",
      "provider": "provider[\"registry.terraform.io/hashicorp/google\"]",
      "instances": [
        {
          "schema_version": 1,
          "attributes": {
            "addons_config": [
              {
                "cloudrun_config": [],
                "horizontal_pod_autoscaling": [],
                "http_load_balancing": [],
                "network_policy_config": [
                  {
                    "disabled": true
                  }
                ]
              }
            ],
            "authenticator_groups_config": [],
            "cluster_autoscaling": [
              {
                "auto_provisioning_defaults": [],
                "enabled": false,
                "resource_limits": []
              }
            ],
            "cluster_ipv4_cidr": "10.96.0.0/14",
            "confidential_nodes": [],
            "database_encryption": [
              {
                "key_name": "",
                "state": "DECRYPTED"
              }
            ],
            "datapath_provider": "",
            "default_max_pods_per_node": 110,
            "default_snat_status": [
              {
                "disabled": false
              }
            ],
            "description": "",
            "enable_autopilot": false,
            "enable_binary_authorization": false,
            "enable_intranode_visibility": false,
            "enable_kubernetes_alpha": false,
            "enable_legacy_abac": false,
            "enable_shielded_nodes": true,
            "enable_tpu": false,
            "endpoint": "35.239.42.178",
            "id": "projects/learned-vault-387908/locations/us-central1/clusters/my-web-cluster",
            "initial_node_count": 1,
            "ip_allocation_policy": [
              {
                "cluster_ipv4_cidr_block": "10.96.0.0/14",
                "cluster_secondary_range_name": "gke-my-web-cluster-pods-e9b09946",
                "services_ipv4_cidr_block": "10.100.0.0/20",
                "services_secondary_range_name": "gke-my-web-cluster-services-e9b09946"
              }
            ],
            "label_fingerprint": "a9dc16a7",
            "location": "us-central1",
            "logging_config": [
              {
                "enable_components": [
                  "SYSTEM_COMPONENTS",
                  "WORKLOADS"
                ]
              }
            ],
            "logging_service": "logging.googleapis.com/kubernetes",
            "maintenance_policy": [],
            "master_auth": [
              {
                "client_certificate": "",
                "client_certificate_config": [
                  {
                    "issue_client_certificate": false
                  }
                ],
                "client_key": "",
                "cluster_ca_certificate": "LS0tLS1CRUdJTiBDRVJUSUZJQ0FURS0tLS0tCk1JSUVMRENDQXBTZ0F3SUJBZ0lRWFUwcmY1NHFqWW9PNzI2Smk5eHdXVEFOQmdrcWhraUc5dzBCQVFzRkFEQXYKTVMwd0t3WURWUVFERXlSaE5ESmxaamxoWXkxaU1qUTRMVFJrTkdVdFlXUmlZUzFtTkRNeVl6VTBOMlpoWVRrdwpJQmNOTWpNd05qRTBNREl6TnpNeFdoZ1BNakExTXpBMk1EWXdNek0zTXpGYU1DOHhMVEFyQmdOVkJBTVRKR0UwCk1tVm1PV0ZqTFdJeU5EZ3ROR1EwWlMxaFpHSmhMV1kwTXpKak5UUTNabUZoT1RDQ0FhSXdEUVlKS29aSWh2Y04KQVFFQkJRQURnZ0dQQURDQ0FZb0NnZ0dCQUxndmZZc2VGaFdtTDAvTG5NcmpBeDJUd3Q4SjUwQXNiMXRLR2QyOQpFalV4bGd2RE1meW5Tb1pPc2lYQnBqRFQ4aXROV2ptYkMwWGtQTWRqeFJJSDhoN0pKWG1qVEdxazhRdGtRMVNmCnQ1aTB1ZWtvakN1cE5Ud1lnMEhHa290cW5mdThLM25jc2J2M0NiaEo3YjYxeTc3akJVUjR6ODE2T21kZ0lFK3oKUFhkVXNZd0JPelBIVnBmNHc0MGMwM1VmcjNBNFBQdExWNTNpWkkwR0o5MDNOeEgvRDRRN3pmSDhYblNNcWRvdgp1Qk1kakZQZzJOZDFPS1RBME5tVGMwbkJQM0pHc0ROc00zMCtFRE1VZ3VVZnBuU0R5emtSWlZ3Wm5USTVpWTVHClJCeXhWSS9Iams2ZGlIaU84MFc5UmJFOFFlb1ZWa3BtTmYvakl1WHI1MHlIelBGWXZxY2JkQWtQVVVSZUNNMVcKRjhOd3pQN3laeHdIOGYySlNvTVBDL0F3UEx0bENLVDBCM3lvL2N6K2REd0RtNGM3V3VoZWN4bmE0ZVZmUmxVVAp1MFIrOEZFcmtKb3pHWU5OVDNPS0ZDNW5KR3paN0M1emhoTS83NGVYcVlDTjRxcWMvR2RrVCtpalVpSHBrOXczCkszVU5aRmltc3MrNkpESGl3UjVZb0szSXl3SURBUUFCbzBJd1FEQU9CZ05WSFE4QkFmOEVCQU1DQWdRd0R3WUQKVlIwVEFRSC9CQVV3QXdFQi96QWRCZ05WSFE0RUZnUVV3WGxrQUZGKzdhT2UxeVIrbitxbnVWMitvTTh3RFFZSgpLb1pJaHZjTkFRRUxCUUFEZ2dHQkFBWmZJRm5KOFRqd3R3YmV1eGFZMkNueG1uRkQ0SXV4cC9vaHZUa0JhU0thCjhzeVBmV1F3N3ExQnR6RUZaQ3BjR05nVC92OVdtQXNObkgxUWNPS1paZ3BmZll6TlJidkQyT08xYnAyVG9MbGwKVW1USGE3Mlk0VzhFTUpIbUNUYkw2SEtMbFNuYXFLWDJJTkxPc2pHT3g2c1lxNlBxQnRObkl2SWkyQjhVeDVZUQpLT3JxczdWdlVwcnM1YmJzT3JLN0ZrTFB6SVFKaVlSaEwzeHVLSXl6ajZmRkpHbXNFNGlBTmhPRGFUN2RQbGJ1CmY5QVFUbG14UWM5amd0Q1JOSi93czlrWnAyK1lPSWpxTVpmVVY1L3g5RWVIYTNpLzhTNGsxR2lYait0TStmU3kKQmpvUFFWRlQxYU1TdlpoSXVSRENLcXM2K2EreW9lRDAzTWdlOU82MlZDWGZ2VEpqWGlaSzFTQ1d3bVJza0ZnbApXbWxweGJ3akVZRHRubGRDcVhEQ294NEFvM1JBQVRaNWl1a1IrYVJUeVJteXRXZUJrejJER2FuYmVWN0cvZDYyCnZnZ0xPOTU0cG1CYUkzbkVBSXIrYU11VFRMclFLR0JFd1hub3pGNDVFOTc5Q2VsQmZSdTdyVUdJYjRVd0lzc0YKNythUlRNdmdSSVozR3NGK0t1ZUdXZz09Ci0tLS0tRU5EIENFUlRJRklDQVRFLS0tLS0K"
              }
            ],
            "master_authorized_networks_config": [],
            "master_version": "1.25.8-gke.500",
            "min_master_version": null,
            "monitoring_config": [
              {
                "enable_components": [
                  "SYSTEM_COMPONENTS"
                ]
              }
            ],
            "monitoring_service": "monitoring.googleapis.com/kubernetes",
            "name": "my-web-cluster",
            "network": "projects/learned-vault-387908/global/networks/default",
            "network_policy": [
              {
                "enabled": false,
                "provider": "PROVIDER_UNSPECIFIED"
              }
            ],
            "networking_mode": "VPC_NATIVE",
            "node_config": [
              {
                "disk_size_gb": 100,
                "disk_type": "pd-balanced",
                "gcfs_config": [],
                "guest_accelerator": [],
                "image_type": "COS_CONTAINERD",
                "labels": {},
                "local_ssd_count": 0,
                "machine_type": "e2-medium",
                "metadata": {
                  "disable-legacy-endpoints": "true"
                },
                "min_cpu_platform": "",
                "oauth_scopes": [
                  "https://www.googleapis.com/auth/devstorage.read_only",
                  "https://www.googleapis.com/auth/logging.write",
                  "https://www.googleapis.com/auth/monitoring",
                  "https://www.googleapis.com/auth/service.management.readonly",
                  "https://www.googleapis.com/auth/servicecontrol",
                  "https://www.googleapis.com/auth/trace.append"
                ],
                "preemptible": false,
                "service_account": "default",
                "shielded_instance_config": [
                  {
                    "enable_integrity_monitoring": true,
                    "enable_secure_boot": false
                  }
                ],
                "tags": [],
                "taint": [],
                "workload_metadata_config": []
              }
            ],
            "node_locations": [
              "us-central1-a",
              "us-central1-c",
              "us-central1-f"
            ],
            "node_pool": [
              {
                "autoscaling": [],
                "initial_node_count": 1,
                "instance_group_urls": [
                  "https://www.googleapis.com/compute/v1/projects/learned-vault-387908/zones/us-central1-f/instanceGroupManagers/gke-my-web-cluster-default-pool-831b3d38-grp",
                  "https://www.googleapis.com/compute/v1/projects/learned-vault-387908/zones/us-central1-a/instanceGroupManagers/gke-my-web-cluster-default-pool-c531d46c-grp",
                  "https://www.googleapis.com/compute/v1/projects/learned-vault-387908/zones/us-central1-c/instanceGroupManagers/gke-my-web-cluster-default-pool-4c4fc6aa-grp"
                ],
                "managed_instance_group_urls": [
                  "https://www.googleapis.com/compute/v1/projects/learned-vault-387908/zones/us-central1-f/instanceGroups/gke-my-web-cluster-default-pool-831b3d38-grp",
                  "https://www.googleapis.com/compute/v1/projects/learned-vault-387908/zones/us-central1-a/instanceGroups/gke-my-web-cluster-default-pool-c531d46c-grp",
                  "https://www.googleapis.com/compute/v1/projects/learned-vault-387908/zones/us-central1-c/instanceGroups/gke-my-web-cluster-default-pool-4c4fc6aa-grp"
                ],
                "management": [
                  {
                    "auto_repair": true,
                    "auto_upgrade": true
                  }
                ],
                "max_pods_per_node": 110,
                "name": "default-pool",
                "name_prefix": "",
                "node_config": [
                  {
                    "disk_size_gb": 100,
                    "disk_type": "pd-balanced",
                    "gcfs_config": [],
                    "guest_accelerator": [],
                    "image_type": "COS_CONTAINERD",
                    "labels": {},
                    "local_ssd_count": 0,
                    "machine_type": "e2-medium",
                    "metadata": {
                      "disable-legacy-endpoints": "true"
                    },
                    "min_cpu_platform": "",
                    "oauth_scopes": [
                      "https://www.googleapis.com/auth/devstorage.read_only",
                      "https://www.googleapis.com/auth/logging.write",
                      "https://www.googleapis.com/auth/monitoring",
                      "https://www.googleapis.com/auth/service.management.readonly",
                      "https://www.googleapis.com/auth/servicecontrol",
                      "https://www.googleapis.com/auth/trace.append"
                    ],
                    "preemptible": false,
                    "service_account": "default",
                    "shielded_instance_config": [
                      {
                        "enable_integrity_monitoring": true,
                        "enable_secure_boot": false
                      }
                    ],
                    "tags": [],
                    "taint": [],
                    "workload_metadata_config": []
                  }
                ],
                "node_count": 1,
                "node_locations": [
                  "us-central1-a",
                  "us-central1-c",
                  "us-central1-f"
                ],
                "upgrade_settings": [
                  {
                    "max_surge": 1,
                    "max_unavailable": 0
                  }
                ],
                "version": "1.25.8-gke.500"
              }
            ],
            "node_version": "1.25.8-gke.500",
            "operation": null,
            "private_cluster_config": [
              {
                "enable_private_endpoint": false,
                "enable_private_nodes": false,
                "master_global_access_config": [
                  {
                    "enabled": false
                  }
                ],
                "master_ipv4_cidr_block": "",
                "peering_name": "",
                "private_endpoint": "10.128.0.18",
                "public_endpoint": "35.239.42.178"
              }
            ],
            "private_ipv6_google_access": "",
            "project": "learned-vault-387908",
            "release_channel": [
              {
                "channel": "REGULAR"
              }
            ],
            "remove_default_node_pool": null,
            "resource_labels": null,
            "resource_usage_export_config": [],
            "self_link": "https://container.googleapis.com/v1/projects/learned-vault-387908/locations/us-central1/clusters/my-web-cluster",
            "services_ipv4_cidr": "10.100.0.0/20",
            "subnetwork": "projects/learned-vault-387908/regions/us-central1/subnetworks/default",
            "timeouts": null,
            "tpu_ipv4_cidr_block": "",
            "vertical_pod_autoscaling": [],
            "workload_identity_config": []
          },
          "sensitive_attributes": [],
          "private": "eyJlMmJmYjczMC1lY2FhLTExZTYtOGY4OC0zNDM2M2JjN2M0YzAiOnsiY3JlYXRlIjoyNDAwMDAwMDAwMDAwLCJkZWxldGUiOjI0MDAwMDAwMDAwMDAsInJlYWQiOjI0MDAwMDAwMDAwMDAsInVwZGF0ZSI6MzYwMDAwMDAwMDAwMH0sInNjaGVtYV92ZXJzaW9uIjoiMSJ9"
        }
      ]
    },
    {
      "mode": "managed",
      "type": "google_container_node_pool",
      "name": "my-web-nodepool",
      "provider": "provider[\"registry.terraform.io/hashicorp/google\"]",
      "instances": [
        {
          "status": "tainted",
          "schema_version": 1,
          "attributes": {
            "autoscaling": [],
            "cluster": "projects/learned-vault-387908/locations/us-central1/clusters/my-web-cluster",
            "id": "projects/learned-vault-387908/locations/us-central1/clusters/my-web-cluster/nodePools/my-web-nodepool",
            "initial_node_count": null,
            "instance_group_urls": null,
            "location": null,
            "managed_instance_group_urls": null,
            "management": null,
            "max_pods_per_node": null,
            "name": "my-web-nodepool",
            "name_prefix": null,
            "node_config": [
              {
                "disk_size_gb": 0,
                "disk_type": "",
                "gcfs_config": [],
                "guest_accelerator": [],
                "image_type": "",
                "labels": {},
                "local_ssd_count": 0,
                "machine_type": "e2-standard-1",
                "metadata": {},
                "min_cpu_platform": "",
                "oauth_scopes": [
                  "https://www.googleapis.com/auth/logging.write"
                ],
                "preemptible": false,
                "service_account": "",
                "shielded_instance_config": [],
                "tags": null,
                "taint": [],
                "workload_metadata_config": []
              }
            ],
            "node_count": null,
            "node_locations": [],
            "operation": null,
            "project": null,
            "timeouts": null,
            "upgrade_settings": null,
            "version": null
          },
          "sensitive_attributes": [],
          "private": "eyJlMmJmYjczMC1lY2FhLTExZTYtOGY4OC0zNDM2M2JjN2M0YzAiOnsiY3JlYXRlIjoxODAwMDAwMDAwMDAwLCJkZWxldGUiOjE4MDAwMDAwMDAwMDAsInVwZGF0ZSI6MTgwMDAwMDAwMDAwMH0sInNjaGVtYV92ZXJzaW9uIjoiMSJ9",
          "dependencies": [
            "google_container_cluster.my-web-cluster"
          ]
        }
      ]
    }
  ],
  "check_results": null
}
